// !$*UTF8*$!
{
	archiveVersion = 1;
	classes = {
	};
	objectVersion = 55;
	objects = {

/* Begin PBXBuildFile section */
		6C06E9252BE3A8FE00D90DA1 /* AreaCalculatorViewModel.swift in Sources */ = {isa = PBXBuildFile; fileRef = 6C06E9242BE3A8FD00D90DA1 /* AreaCalculatorViewModel.swift */; };
		6C06E9272BE3ABC600D90DA1 /* PolygonViewModelFactory.swift in Sources */ = {isa = PBXBuildFile; fileRef = 6C06E9262BE3ABC600D90DA1 /* PolygonViewModelFactory.swift */; };
		6C06E9292BE3AC5800D90DA1 /* Polygon.swift in Sources */ = {isa = PBXBuildFile; fileRef = 6C06E9282BE3AC5800D90DA1 /* Polygon.swift */; };
		6C06E92B2BE3AC7700D90DA1 /* RectangleViewModel.swift in Sources */ = {isa = PBXBuildFile; fileRef = 6C06E92A2BE3AC7700D90DA1 /* RectangleViewModel.swift */; };
		6C06E92E2BE3ACC500D90DA1 /* TriangleViewModel.swift in Sources */ = {isa = PBXBuildFile; fileRef = 6C06E92D2BE3ACC500D90DA1 /* TriangleViewModel.swift */; };
		6C06E9312BE3ACF400D90DA1 /* HexagonViewModel.swift in Sources */ = {isa = PBXBuildFile; fileRef = 6C06E9302BE3ACF400D90DA1 /* HexagonViewModel.swift */; };
		6C06E9342BE3AE5D00D90DA1 /* SimplePolygonFactory.swift in Sources */ = {isa = PBXBuildFile; fileRef = 6C06E9332BE3AE5D00D90DA1 /* SimplePolygonFactory.swift */; };
		6C06E9362BE3AE7900D90DA1 /* PolygonClient.swift in Sources */ = {isa = PBXBuildFile; fileRef = 6C06E9352BE3AE7900D90DA1 /* PolygonClient.swift */; };
		6C06E9382BE3BDD800D90DA1 /* PolygonObservable.swift in Sources */ = {isa = PBXBuildFile; fileRef = 6C06E9372BE3BDD800D90DA1 /* PolygonObservable.swift */; };
		6C6905AC2BDFE93000365071 /* Lab2App.swift in Sources */ = {isa = PBXBuildFile; fileRef = 6C6905AB2BDFE93000365071 /* Lab2App.swift */; };
		6C6905AE2BDFE93000365071 /* ContentView.swift in Sources */ = {isa = PBXBuildFile; fileRef = 6C6905AD2BDFE93000365071 /* ContentView.swift */; };
		6C6905B02BDFE93300365071 /* Assets.xcassets in Resources */ = {isa = PBXBuildFile; fileRef = 6C6905AF2BDFE93300365071 /* Assets.xcassets */; };
		6C6905B32BDFE93300365071 /* Preview Assets.xcassets in Resources */ = {isa = PBXBuildFile; fileRef = 6C6905B22BDFE93300365071 /* Preview Assets.xcassets */; };
		6C6905BA2BDFF4B900365071 /* Figure.swift in Sources */ = {isa = PBXBuildFile; fileRef = 6C6905B92BDFF4B900365071 /* Figure.swift */; };
		6C6905BC2BDFF50C00365071 /* Triangle.swift in Sources */ = {isa = PBXBuildFile; fileRef = 6C6905BB2BDFF50C00365071 /* Triangle.swift */; };
		6C6905BF2BDFF8AD00365071 /* Rectangle.swift in Sources */ = {isa = PBXBuildFile; fileRef = 6C6905BE2BDFF8AD00365071 /* Rectangle.swift */; };
		6C6905C12BDFF8B800365071 /* Hexagon.swift in Sources */ = {isa = PBXBuildFile; fileRef = 6C6905C02BDFF8B800365071 /* Hexagon.swift */; };
		6C6905C72BDFFF5100365071 /* AreaCalculatorView.swift in Sources */ = {isa = PBXBuildFile; fileRef = 6C6905C62BDFFF5100365071 /* AreaCalculatorView.swift */; };
		6C6905C92BE000FC00365071 /* ContentViewModel.swift in Sources */ = {isa = PBXBuildFile; fileRef = 6C6905C82BE000FC00365071 /* ContentViewModel.swift */; };
/* End PBXBuildFile section */

/* Begin PBXFileReference section */
		6C06E9242BE3A8FD00D90DA1 /* AreaCalculatorViewModel.swift */ = {isa = PBXFileReference; lastKnownFileType = sourcecode.swift; path = AreaCalculatorViewModel.swift; sourceTree = "<group>"; };
		6C06E9262BE3ABC600D90DA1 /* PolygonViewModelFactory.swift */ = {isa = PBXFileReference; lastKnownFileType = sourcecode.swift; path = PolygonViewModelFactory.swift; sourceTree = "<group>"; };
		6C06E9282BE3AC5800D90DA1 /* Polygon.swift */ = {isa = PBXFileReference; lastKnownFileType = sourcecode.swift; path = Polygon.swift; sourceTree = "<group>"; };
		6C06E92A2BE3AC7700D90DA1 /* RectangleViewModel.swift */ = {isa = PBXFileReference; lastKnownFileType = sourcecode.swift; path = RectangleViewModel.swift; sourceTree = "<group>"; };
		6C06E92D2BE3ACC500D90DA1 /* TriangleViewModel.swift */ = {isa = PBXFileReference; lastKnownFileType = sourcecode.swift; path = TriangleViewModel.swift; sourceTree = "<group>"; };
		6C06E9302BE3ACF400D90DA1 /* HexagonViewModel.swift */ = {isa = PBXFileReference; lastKnownFileType = sourcecode.swift; path = HexagonViewModel.swift; sourceTree = "<group>"; };
		6C06E9332BE3AE5D00D90DA1 /* SimplePolygonFactory.swift */ = {isa = PBXFileReference; lastKnownFileType = sourcecode.swift; path = SimplePolygonFactory.swift; sourceTree = "<group>"; };
		6C06E9352BE3AE7900D90DA1 /* PolygonClient.swift */ = {isa = PBXFileReference; lastKnownFileType = sourcecode.swift; path = PolygonClient.swift; sourceTree = "<group>"; };
		6C06E9372BE3BDD800D90DA1 /* PolygonObservable.swift */ = {isa = PBXFileReference; lastKnownFileType = sourcecode.swift; path = PolygonObservable.swift; sourceTree = "<group>"; };
		6C6905A82BDFE93000365071 /* Lab2.app */ = {isa = PBXFileReference; explicitFileType = wrapper.application; includeInIndex = 0; path = Lab2.app; sourceTree = BUILT_PRODUCTS_DIR; };
		6C6905AB2BDFE93000365071 /* Lab2App.swift */ = {isa = PBXFileReference; lastKnownFileType = sourcecode.swift; path = Lab2App.swift; sourceTree = "<group>"; };
		6C6905AD2BDFE93000365071 /* ContentView.swift */ = {isa = PBXFileReference; lastKnownFileType = sourcecode.swift; path = ContentView.swift; sourceTree = "<group>"; };
		6C6905AF2BDFE93300365071 /* Assets.xcassets */ = {isa = PBXFileReference; lastKnownFileType = folder.assetcatalog; path = Assets.xcassets; sourceTree = "<group>"; };
		6C6905B22BDFE93300365071 /* Preview Assets.xcassets */ = {isa = PBXFileReference; lastKnownFileType = folder.assetcatalog; path = "Preview Assets.xcassets"; sourceTree = "<group>"; };
		6C6905B92BDFF4B900365071 /* Figure.swift */ = {isa = PBXFileReference; lastKnownFileType = sourcecode.swift; path = Figure.swift; sourceTree = "<group>"; };
		6C6905BB2BDFF50C00365071 /* Triangle.swift */ = {isa = PBXFileReference; lastKnownFileType = sourcecode.swift; path = Triangle.swift; sourceTree = "<group>"; };
		6C6905BE2BDFF8AD00365071 /* Rectangle.swift */ = {isa = PBXFileReference; lastKnownFileType = sourcecode.swift; path = Rectangle.swift; sourceTree = "<group>"; };
		6C6905C02BDFF8B800365071 /* Hexagon.swift */ = {isa = PBXFileReference; lastKnownFileType = sourcecode.swift; path = Hexagon.swift; sourceTree = "<group>"; };
		6C6905C62BDFFF5100365071 /* AreaCalculatorView.swift */ = {isa = PBXFileReference; lastKnownFileType = sourcecode.swift; path = AreaCalculatorView.swift; sourceTree = "<group>"; };
		6C6905C82BE000FC00365071 /* ContentViewModel.swift */ = {isa = PBXFileReference; lastKnownFileType = sourcecode.swift; path = ContentViewModel.swift; sourceTree = "<group>"; };
/* End PBXFileReference section */

/* Begin PBXFrameworksBuildPhase section */
		6C6905A52BDFE93000365071 /* Frameworks */ = {
			isa = PBXFrameworksBuildPhase;
			buildActionMask = 2147483647;
			files = (
			);
			runOnlyForDeploymentPostprocessing = 0;
		};
/* End PBXFrameworksBuildPhase section */

/* Begin PBXGroup section */
		6C06E92C2BE3ACAC00D90DA1 /* Rectangle */ = {
			isa = PBXGroup;
			children = (
				6C6905BE2BDFF8AD00365071 /* Rectangle.swift */,
				6C06E92A2BE3AC7700D90DA1 /* RectangleViewModel.swift */,
			);
			path = Rectangle;
			sourceTree = "<group>";
		};
		6C06E92F2BE3ACDF00D90DA1 /* Triangle */ = {
			isa = PBXGroup;
			children = (
				6C6905BB2BDFF50C00365071 /* Triangle.swift */,
				6C06E92D2BE3ACC500D90DA1 /* TriangleViewModel.swift */,
			);
			path = Triangle;
			sourceTree = "<group>";
		};
		6C06E9322BE3AD0A00D90DA1 /* Hexagon */ = {
			isa = PBXGroup;
			children = (
				6C6905C02BDFF8B800365071 /* Hexagon.swift */,
				6C06E9302BE3ACF400D90DA1 /* HexagonViewModel.swift */,
			);
			path = Hexagon;
			sourceTree = "<group>";
		};
		6C69059F2BDFE93000365071 = {
			isa = PBXGroup;
			children = (
				6C6905AA2BDFE93000365071 /* Lab2 */,
				6C6905A92BDFE93000365071 /* Products */,
			);
			sourceTree = "<group>";
		};
		6C6905A92BDFE93000365071 /* Products */ = {
			isa = PBXGroup;
			children = (
				6C6905A82BDFE93000365071 /* Lab2.app */,
			);
			name = Products;
			sourceTree = "<group>";
		};
		6C6905AA2BDFE93000365071 /* Lab2 */ = {
			isa = PBXGroup;
			children = (
				6C6905AB2BDFE93000365071 /* Lab2App.swift */,
				6C6905C52BDFFF1400365071 /* AreaCalculator */,
				6C6905BD2BDFF52000365071 /* Model */,
				6C6905C22BDFFCCA00365071 /* Main */,
				6C6905AF2BDFE93300365071 /* Assets.xcassets */,
				6C6905B12BDFE93300365071 /* Preview Content */,
				6C06E9372BE3BDD800D90DA1 /* PolygonObservable.swift */,
			);
			path = Lab2;
			sourceTree = "<group>";
		};
		6C6905B12BDFE93300365071 /* Preview Content */ = {
			isa = PBXGroup;
			children = (
				6C6905B22BDFE93300365071 /* Preview Assets.xcassets */,
			);
			path = "Preview Content";
			sourceTree = "<group>";
		};
		6C6905BD2BDFF52000365071 /* Model */ = {
			isa = PBXGroup;
			children = (
				6C6905B92BDFF4B900365071 /* Figure.swift */,
				6C06E92F2BE3ACDF00D90DA1 /* Triangle */,
				6C06E92C2BE3ACAC00D90DA1 /* Rectangle */,
				6C06E9322BE3AD0A00D90DA1 /* Hexagon */,
				6C06E9262BE3ABC600D90DA1 /* PolygonViewModelFactory.swift */,
				6C06E9282BE3AC5800D90DA1 /* Polygon.swift */,
				6C06E9332BE3AE5D00D90DA1 /* SimplePolygonFactory.swift */,
				6C06E9352BE3AE7900D90DA1 /* PolygonClient.swift */,
			);
			path = Model;
			sourceTree = "<group>";
		};
		6C6905C22BDFFCCA00365071 /* Main */ = {
			isa = PBXGroup;
			children = (
				6C6905AD2BDFE93000365071 /* ContentView.swift */,
				6C6905C82BE000FC00365071 /* ContentViewModel.swift */,
			);
			path = Main;
			sourceTree = "<group>";
		};
		6C6905C52BDFFF1400365071 /* AreaCalculator */ = {
			isa = PBXGroup;
			children = (
				6C6905C62BDFFF5100365071 /* AreaCalculatorView.swift */,
				6C06E9242BE3A8FD00D90DA1 /* AreaCalculatorViewModel.swift */,
			);
			path = AreaCalculator;
			sourceTree = "<group>";
		};
/* End PBXGroup section */

/* Begin PBXNativeTarget section */
		6C6905A72BDFE93000365071 /* Lab2 */ = {
			isa = PBXNativeTarget;
			buildConfigurationList = 6C6905B62BDFE93300365071 /* Build configuration list for PBXNativeTarget "Lab2" */;
			buildPhases = (
				6C6905A42BDFE93000365071 /* Sources */,
				6C6905A52BDFE93000365071 /* Frameworks */,
				6C6905A62BDFE93000365071 /* Resources */,
			);
			buildRules = (
			);
			dependencies = (
			);
			name = Lab2;
			productName = Lab2;
			productReference = 6C6905A82BDFE93000365071 /* Lab2.app */;
			productType = "com.apple.product-type.application";
		};
/* End PBXNativeTarget section */

/* Begin PBXProject section */
		6C6905A02BDFE93000365071 /* Project object */ = {
			isa = PBXProject;
			attributes = {
				BuildIndependentTargetsInParallel = 1;
				LastSwiftUpdateCheck = 1320;
				LastUpgradeCheck = 1320;
				TargetAttributes = {
					6C6905A72BDFE93000365071 = {
						CreatedOnToolsVersion = 13.2.1;
					};
				};
			};
			buildConfigurationList = 6C6905A32BDFE93000365071 /* Build configuration list for PBXProject "Lab2" */;
			compatibilityVersion = "Xcode 13.0";
			developmentRegion = en;
			hasScannedForEncodings = 0;
			knownRegions = (
				en,
				Base,
			);
			mainGroup = 6C69059F2BDFE93000365071;
			productRefGroup = 6C6905A92BDFE93000365071 /* Products */;
			projectDirPath = "";
			projectRoot = "";
			targets = (
				6C6905A72BDFE93000365071 /* Lab2 */,
			);
		};
/* End PBXProject section */

/* Begin PBXResourcesBuildPhase section */
		6C6905A62BDFE93000365071 /* Resources */ = {
			isa = PBXResourcesBuildPhase;
			buildActionMask = 2147483647;
			files = (
				6C6905B32BDFE93300365071 /* Preview Assets.xcassets in Resources */,
				6C6905B02BDFE93300365071 /* Assets.xcassets in Resources */,
			);
			runOnlyForDeploymentPostprocessing = 0;
		};
/* End PBXResourcesBuildPhase section */

/* Begin PBXSourcesBuildPhase section */
		6C6905A42BDFE93000365071 /* Sources */ = {
			isa = PBXSourcesBuildPhase;
			buildActionMask = 2147483647;
			files = (
				6C06E92B2BE3AC7700D90DA1 /* RectangleViewModel.swift in Sources */,
				6C6905C92BE000FC00365071 /* ContentViewModel.swift in Sources */,
				6C6905BF2BDFF8AD00365071 /* Rectangle.swift in Sources */,
				6C06E9272BE3ABC600D90DA1 /* PolygonViewModelFactory.swift in Sources */,
				6C06E9252BE3A8FE00D90DA1 /* AreaCalculatorViewModel.swift in Sources */,
				6C06E9362BE3AE7900D90DA1 /* PolygonClient.swift in Sources */,
				6C6905AE2BDFE93000365071 /* ContentView.swift in Sources */,
				6C06E9292BE3AC5800D90DA1 /* Polygon.swift in Sources */,
				6C6905AC2BDFE93000365071 /* Lab2App.swift in Sources */,
				6C06E9342BE3AE5D00D90DA1 /* SimplePolygonFactory.swift in Sources */,
				6C6905BA2BDFF4B900365071 /* Figure.swift in Sources */,
				6C06E92E2BE3ACC500D90DA1 /* TriangleViewModel.swift in Sources */,
				6C06E9382BE3BDD800D90DA1 /* PolygonObservable.swift in Sources */,
				6C6905BC2BDFF50C00365071 /* Triangle.swift in Sources */,
				6C6905C12BDFF8B800365071 /* Hexagon.swift in Sources */,
				6C6905C72BDFFF5100365071 /* AreaCalculatorView.swift in Sources */,
				6C06E9312BE3ACF400D90DA1 /* HexagonViewModel.swift in Sources */,
			);
			runOnlyForDeploymentPostprocessing = 0;
		};
/* End PBXSourcesBuildPhase section */

/* Begin XCBuildConfiguration section */
		6C6905B42BDFE93300365071 /* Debug */ = {
			isa = XCBuildConfiguration;
			buildSettings = {
				ALWAYS_SEARCH_USER_PATHS = NO;
				CLANG_ANALYZER_NONNULL = YES;
				CLANG_ANALYZER_NUMBER_OBJECT_CONVERSION = YES_AGGRESSIVE;
				CLANG_CXX_LANGUAGE_STANDARD = "gnu++17";
				CLANG_CXX_LIBRARY = "libc++";
				CLANG_ENABLE_MODULES = YES;
				CLANG_ENABLE_OBJC_ARC = YES;
				CLANG_ENABLE_OBJC_WEAK = YES;
				CLANG_WARN_BLOCK_CAPTURE_AUTORELEASING = YES;
				CLANG_WARN_BOOL_CONVERSION = YES;
				CLANG_WARN_COMMA = YES;
				CLANG_WARN_CONSTANT_CONVERSION = YES;
				CLANG_WARN_DEPRECATED_OBJC_IMPLEMENTATIONS = YES;
				CLANG_WARN_DIRECT_OBJC_ISA_USAGE = YES_ERROR;
				CLANG_WARN_DOCUMENTATION_COMMENTS = YES;
				CLANG_WARN_EMPTY_BODY = YES;
				CLANG_WARN_ENUM_CONVERSION = YES;
				CLANG_WARN_INFINITE_RECURSION = YES;
				CLANG_WARN_INT_CONVERSION = YES;
				CLANG_WARN_NON_LITERAL_NULL_CONVERSION = YES;
				CLANG_WARN_OBJC_IMPLICIT_RETAIN_SELF = YES;
				CLANG_WARN_OBJC_LITERAL_CONVERSION = YES;
				CLANG_WARN_OBJC_ROOT_CLASS = YES_ERROR;
				CLANG_WARN_QUOTED_INCLUDE_IN_FRAMEWORK_HEADER = YES;
				CLANG_WARN_RANGE_LOOP_ANALYSIS = YES;
				CLANG_WARN_STRICT_PROTOTYPES = YES;
				CLANG_WARN_SUSPICIOUS_MOVE = YES;
				CLANG_WARN_UNGUARDED_AVAILABILITY = YES_AGGRESSIVE;
				CLANG_WARN_UNREACHABLE_CODE = YES;
				CLANG_WARN__DUPLICATE_METHOD_MATCH = YES;
				COPY_PHASE_STRIP = NO;
				DEBUG_INFORMATION_FORMAT = dwarf;
				ENABLE_STRICT_OBJC_MSGSEND = YES;
				ENABLE_TESTABILITY = YES;
				GCC_C_LANGUAGE_STANDARD = gnu11;
				GCC_DYNAMIC_NO_PIC = NO;
				GCC_NO_COMMON_BLOCKS = YES;
				GCC_OPTIMIZATION_LEVEL = 0;
				GCC_PREPROCESSOR_DEFINITIONS = (
					"DEBUG=1",
					"$(inherited)",
				);
				GCC_WARN_64_TO_32_BIT_CONVERSION = YES;
				GCC_WARN_ABOUT_RETURN_TYPE = YES_ERROR;
				GCC_WARN_UNDECLARED_SELECTOR = YES;
				GCC_WARN_UNINITIALIZED_AUTOS = YES_AGGRESSIVE;
				GCC_WARN_UNUSED_FUNCTION = YES;
				GCC_WARN_UNUSED_VARIABLE = YES;
				IPHONEOS_DEPLOYMENT_TARGET = 15.2;
				MTL_ENABLE_DEBUG_INFO = INCLUDE_SOURCE;
				MTL_FAST_MATH = YES;
				ONLY_ACTIVE_ARCH = YES;
				SDKROOT = iphoneos;
				SWIFT_ACTIVE_COMPILATION_CONDITIONS = DEBUG;
				SWIFT_OPTIMIZATION_LEVEL = "-Onone";
			};
			name = Debug;
		};
		6C6905B52BDFE93300365071 /* Release */ = {
			isa = XCBuildConfiguration;
			buildSettings = {
				ALWAYS_SEARCH_USER_PATHS = NO;
				CLANG_ANALYZER_NONNULL = YES;
				CLANG_ANALYZER_NUMBER_OBJECT_CONVERSION = YES_AGGRESSIVE;
				CLANG_CXX_LANGUAGE_STANDARD = "gnu++17";
				CLANG_CXX_LIBRARY = "libc++";
				CLANG_ENABLE_MODULES = YES;
				CLANG_ENABLE_OBJC_ARC = YES;
				CLANG_ENABLE_OBJC_WEAK = YES;
				CLANG_WARN_BLOCK_CAPTURE_AUTORELEASING = YES;
				CLANG_WARN_BOOL_CONVERSION = YES;
				CLANG_WARN_COMMA = YES;
				CLANG_WARN_CONSTANT_CONVERSION = YES;
				CLANG_WARN_DEPRECATED_OBJC_IMPLEMENTATIONS = YES;
				CLANG_WARN_DIRECT_OBJC_ISA_USAGE = YES_ERROR;
				CLANG_WARN_DOCUMENTATION_COMMENTS = YES;
				CLANG_WARN_EMPTY_BODY = YES;
				CLANG_WARN_ENUM_CONVERSION = YES;
				CLANG_WARN_INFINITE_RECURSION = YES;
				CLANG_WARN_INT_CONVERSION = YES;
				CLANG_WARN_NON_LITERAL_NULL_CONVERSION = YES;
				CLANG_WARN_OBJC_IMPLICIT_RETAIN_SELF = YES;
				CLANG_WARN_OBJC_LITERAL_CONVERSION = YES;
				CLANG_WARN_OBJC_ROOT_CLASS = YES_ERROR;
				CLANG_WARN_QUOTED_INCLUDE_IN_FRAMEWORK_HEADER = YES;
				CLANG_WARN_RANGE_LOOP_ANALYSIS = YES;
				CLANG_WARN_STRICT_PROTOTYPES = YES;
				CLANG_WARN_SUSPICIOUS_MOVE = YES;
				CLANG_WARN_UNGUARDED_AVAILABILITY = YES_AGGRESSIVE;
				CLANG_WARN_UNREACHABLE_CODE = YES;
				CLANG_WARN__DUPLICATE_METHOD_MATCH = YES;
				COPY_PHASE_STRIP = NO;
				DEBUG_INFORMATION_FORMAT = "dwarf-with-dsym";
				ENABLE_NS_ASSERTIONS = NO;
				ENABLE_STRICT_OBJC_MSGSEND = YES;
				GCC_C_LANGUAGE_STANDARD = gnu11;
				GCC_NO_COMMON_BLOCKS = YES;
				GCC_WARN_64_TO_32_BIT_CONVERSION = YES;
				GCC_WARN_ABOUT_RETURN_TYPE = YES_ERROR;
				GCC_WARN_UNDECLARED_SELECTOR = YES;
				GCC_WARN_UNINITIALIZED_AUTOS = YES_AGGRESSIVE;
				GCC_WARN_UNUSED_FUNCTION = YES;
				GCC_WARN_UNUSED_VARIABLE = YES;
				IPHONEOS_DEPLOYMENT_TARGET = 15.2;
				MTL_ENABLE_DEBUG_INFO = NO;
				MTL_FAST_MATH = YES;
				SDKROOT = iphoneos;
				SWIFT_COMPILATION_MODE = wholemodule;
				SWIFT_OPTIMIZATION_LEVEL = "-O";
				VALIDATE_PRODUCT = YES;
			};
			name = Release;
		};
		6C6905B72BDFE93300365071 /* Debug */ = {
			isa = XCBuildConfiguration;
			buildSettings = {
				ASSETCATALOG_COMPILER_APPICON_NAME = AppIcon;
				ASSETCATALOG_COMPILER_GLOBAL_ACCENT_COLOR_NAME = AccentColor;
				CODE_SIGN_STYLE = Automatic;
				CURRENT_PROJECT_VERSION = 1;
				DEVELOPMENT_ASSET_PATHS = "\"Lab2/Preview Content\"";
				DEVELOPMENT_TEAM = DS3WD6YJ64;
				ENABLE_PREVIEWS = YES;
				GENERATE_INFOPLIST_FILE = YES;
				INFOPLIST_KEY_UIApplicationSceneManifest_Generation = YES;
				INFOPLIST_KEY_UIApplicationSupportsIndirectInputEvents = YES;
				INFOPLIST_KEY_UILaunchScreen_Generation = YES;
				INFOPLIST_KEY_UISupportedInterfaceOrientations_iPad = "UIInterfaceOrientationPortrait UIInterfaceOrientationPortraitUpsideDown UIInterfaceOrientationLandscapeLeft UIInterfaceOrientationLandscapeRight";
				INFOPLIST_KEY_UISupportedInterfaceOrientations_iPhone = "UIInterfaceOrientationPortrait UIInterfaceOrientationLandscapeLeft UIInterfaceOrientationLandscapeRight";
				LD_RUNPATH_SEARCH_PATHS = (
					"$(inherited)",
					"@executable_path/Frameworks",
				);
				MARKETING_VERSION = 1.0;
				PRODUCT_BUNDLE_IDENTIFIER = Sprint1.Lab2;
				PRODUCT_NAME = "$(TARGET_NAME)";
				SWIFT_EMIT_LOC_STRINGS = YES;
				SWIFT_VERSION = 5.0;
				TARGETED_DEVICE_FAMILY = "1,2";
			};
			name = Debug;
		};
		6C6905B82BDFE93300365071 /* Release */ = {
			isa = XCBuildConfiguration;
			buildSettings = {
				ASSETCATALOG_COMPILER_APPICON_NAME = AppIcon;
				ASSETCATALOG_COMPILER_GLOBAL_ACCENT_COLOR_NAME = AccentColor;
				CODE_SIGN_STYLE = Automatic;
				CURRENT_PROJECT_VERSION = 1;
				DEVELOPMENT_ASSET_PATHS = "\"Lab2/Preview Content\"";
				DEVELOPMENT_TEAM = DS3WD6YJ64;
				ENABLE_PREVIEWS = YES;
				GENERATE_INFOPLIST_FILE = YES;
				INFOPLIST_KEY_UIApplicationSceneManifest_Generation = YES;
				INFOPLIST_KEY_UIApplicationSupportsIndirectInputEvents = YES;
				INFOPLIST_KEY_UILaunchScreen_Generation = YES;
				INFOPLIST_KEY_UISupportedInterfaceOrientations_iPad = "UIInterfaceOrientationPortrait UIInterfaceOrientationPortraitUpsideDown UIInterfaceOrientationLandscapeLeft UIInterfaceOrientationLandscapeRight";
				INFOPLIST_KEY_UISupportedInterfaceOrientations_iPhone = "UIInterfaceOrientationPortrait UIInterfaceOrientationLandscapeLeft UIInterfaceOrientationLandscapeRight";
				LD_RUNPATH_SEARCH_PATHS = (
					"$(inherited)",
					"@executable_path/Frameworks",
				);
				MARKETING_VERSION = 1.0;
				PRODUCT_BUNDLE_IDENTIFIER = Sprint1.Lab2;
				PRODUCT_NAME = "$(TARGET_NAME)";
				SWIFT_EMIT_LOC_STRINGS = YES;
				SWIFT_VERSION = 5.0;
				TARGETED_DEVICE_FAMILY = "1,2";
			};
			name = Release;
		};
/* End XCBuildConfiguration section */

/* Begin XCConfigurationList section */
		6C6905A32BDFE93000365071 /* Build configuration list for PBXProject "Lab2" */ = {
			isa = XCConfigurationList;
			buildConfigurations = (
				6C6905B42BDFE93300365071 /* Debug */,
				6C6905B52BDFE93300365071 /* Release */,
			);
			defaultConfigurationIsVisible = 0;
			defaultConfigurationName = Release;
		};
		6C6905B62BDFE93300365071 /* Build configuration list for PBXNativeTarget "Lab2" */ = {
			isa = XCConfigurationList;
			buildConfigurations = (
				6C6905B72BDFE93300365071 /* Debug */,
				6C6905B82BDFE93300365071 /* Release */,
			);
			defaultConfigurationIsVisible = 0;
			defaultConfigurationName = Release;
		};
/* End XCConfigurationList section */
	};
	rootObject = 6C6905A02BDFE93000365071 /* Project object */;
}
